PODS:
  - SimpleCardView-SwiftUI (0.0.3)

DEPENDENCIES:
  - SimpleCardView-SwiftUI (from `../`)

EXTERNAL SOURCES:
  SimpleCardView-SwiftUI:
    :path: "../"

SPEC CHECKSUMS:
  SimpleCardView-SwiftUI: 3d5556852eb6a5ba5f1adb53db05a65ab44810c7

PODFILE CHECKSUM: 734a16e084b296ceb52dbc3101dc174abab07be9

COCOAPODS: 1.11.0
